speakeasyVersion: internal
sources:
    dub:
        sourceNamespace: dub
        sourceRevisionDigest: sha256:3021750f008817c425fe6618141d4b02f7417d5f48d2e35e5247c2281f97ce5d
        sourceBlobDigest: sha256:725282b89cf04853db33c288859e94031cd8b64e0e650f389b9baf41ec582bf5
        tags:
            - latest
            - main
targets:
    my-first-target:
        source: dub
        sourceNamespace: dub
        sourceRevisionDigest: sha256:3021750f008817c425fe6618141d4b02f7417d5f48d2e35e5247c2281f97ce5d
        sourceBlobDigest: sha256:725282b89cf04853db33c288859e94031cd8b64e0e650f389b9baf41ec582bf5
workflow:
    workflowVersion: 1.0.0
    speakeasyVersion: latest
    sources:
        dub:
            inputs:
                - location: https://api.dub.co/
            registry:
                location: registry.speakeasyapi.dev/dub/dub/dub
    targets:
        my-first-target:
            target: python
            source: dub
            publish:
                pypi:
                    token: $pypi_token
            codeSamples:
                output: codeSamples.yaml
                registry:
                    location: registry.speakeasyapi.dev/dub/dub/code-samples-python-my-first-target
